
Microsoft Visual Studio Solution File, Format Version 12.00
# Visual Studio Version 17
VisualStudioVersion = 17.2.32408.312
MinimumVisualStudioVersion = 10.0.40219.1
Project("{9A19103F-16F7-4668-BE54-9A1E7A4F7556}") = "sql-bindings", "sql-bindings\sql-bindings.csproj", "{22F788D0-4729-4CA0-BBD9-A865A93818D0}"
EndProject
Project("{9A19103F-16F7-4668-BE54-9A1E7A4F7556}") = "table-managed-identity", "table-managed-identity\table-managed-identity.csproj", "{389925B0-6B8C-4E0E-929B-263CC5D836DB}"
EndProject
Project("{FAE04EC0-301F-11D3-BF4B-00C04F79EFBC}") = "inprocess-func", "inprocess-func\inprocess-func.csproj", "{5E19A2D0-C7E7-48D8-86C9-C9C59354E499}"
EndProject
Project("{FAE04EC0-301F-11D3-BF4B-00C04F79EFBC}") = "outofprocess-func", "outofprocess-func\outofprocess-func.csproj", "{0BAF2DDE-007F-41E0-9DA2-D3F4E4333614}"
EndProject
Global
	GlobalSection(SolutionConfigurationPlatforms) = preSolution
		Debug|Any CPU = Debug|Any CPU
		Release|Any CPU = Release|Any CPU
	EndGlobalSection
	GlobalSection(ProjectConfigurationPlatforms) = postSolution
		{22F788D0-4729-4CA0-BBD9-A865A93818D0}.Debug|Any CPU.ActiveCfg = Debug|Any CPU
		{22F788D0-4729-4CA0-BBD9-A865A93818D0}.Debug|Any CPU.Build.0 = Debug|Any CPU
		{22F788D0-4729-4CA0-BBD9-A865A93818D0}.Release|Any CPU.ActiveCfg = Release|Any CPU
		{22F788D0-4729-4CA0-BBD9-A865A93818D0}.Release|Any CPU.Build.0 = Release|Any CPU
		{389925B0-6B8C-4E0E-929B-263CC5D836DB}.Debug|Any CPU.ActiveCfg = Debug|Any CPU
		{389925B0-6B8C-4E0E-929B-263CC5D836DB}.Debug|Any CPU.Build.0 = Debug|Any CPU
		{389925B0-6B8C-4E0E-929B-263CC5D836DB}.Release|Any CPU.ActiveCfg = Release|Any CPU
		{389925B0-6B8C-4E0E-929B-263CC5D836DB}.Release|Any CPU.Build.0 = Release|Any CPU
		{5E19A2D0-C7E7-48D8-86C9-C9C59354E499}.Debug|Any CPU.ActiveCfg = Debug|Any CPU
		{5E19A2D0-C7E7-48D8-86C9-C9C59354E499}.Debug|Any CPU.Build.0 = Debug|Any CPU
		{5E19A2D0-C7E7-48D8-86C9-C9C59354E499}.Release|Any CPU.ActiveCfg = Release|Any CPU
		{5E19A2D0-C7E7-48D8-86C9-C9C59354E499}.Release|Any CPU.Build.0 = Release|Any CPU
		{0BAF2DDE-007F-41E0-9DA2-D3F4E4333614}.Debug|Any CPU.ActiveCfg = Debug|Any CPU
		{0BAF2DDE-007F-41E0-9DA2-D3F4E4333614}.Debug|Any CPU.Build.0 = Debug|Any CPU
		{0BAF2DDE-007F-41E0-9DA2-D3F4E4333614}.Release|Any CPU.ActiveCfg = Release|Any CPU
		{0BAF2DDE-007F-41E0-9DA2-D3F4E4333614}.Release|Any CPU.Build.0 = Release|Any CPU
	EndGlobalSection
	GlobalSection(SolutionProperties) = preSolution
		HideSolutionNode = FALSE
	EndGlobalSection
	GlobalSection(ExtensibilityGlobals) = postSolution
		SolutionGuid = {4B2BA9A6-16EB-4CC7-ACF4-F9CA1DFC2E0F}
	EndGlobalSection
EndGlobal
